<?xml version="1.0" encoding="utf-8"?>
<Project ToolsVersion="4.0" xmlns="http://schemas.microsoft.com/developer/msbuild/2003">
  <ItemGroup>
    <Filter Include="Source Files">
      <UniqueIdentifier>{4FC737F1-C7A5-4376-A066-2A32D752A2FF}</UniqueIdentifier>
      <Extensions>cpp;c;cc;cxx;def;odl;idl;hpj;bat;asm;asmx</Extensions>
    </Filter>
    <Filter Include="Header Files">
      <UniqueIdentifier>{93995380-89BD-4b04-88EB-625FBE52EBFB}</UniqueIdentifier>
      <Extensions>h;hpp;hxx;hm;inl;inc;xsd</Extensions>
    </Filter>
    <Filter Include="Resource Files">
      <UniqueIdentifier>{67DA6AB6-F800-4c08-8B7A-83BB121AAD01}</UniqueIdentifier>
      <Extensions>rc;ico;cur;bmp;dlg;rc2;rct;bin;rgs;gif;jpg;jpeg;jpe;resx;tiff;tif;png;wav;mfcribbon-ms</Extensions>
    </Filter>
  </ItemGroup>
  <ItemGroup>
    <ClInclude Include="cake_eval.h">
      <Filter>Header Files</Filter>
    </ClInclude>
    <ClInclude Include="cake_misc.h">
      <Filter>Header Files</Filter>
    </ClInclude>
    <ClInclude Include="cakepp.h">
      <Filter>Header Files</Filter>
    </ClInclude>
    <ClInclude Include="consts.h">
      <Filter>Header Files</Filter>
    </ClInclude>
    <ClInclude Include="dblookup.h">
      <Filter>Header Files</Filter>
    </ClInclude>
    <ClInclude Include="initcake.h">
      <Filter>Header Files</Filter>
    </ClInclude>
    <ClInclude Include="move_gen.h">
      <Filter>Header Files</Filter>
    </ClInclude>
    <ClInclude Include="structs.h">
      <Filter>Header Files</Filter>
    </ClInclude>
    <ClInclude Include="switches.h">
      <Filter>Header Files</Filter>
    </ClInclude>
    <ClInclude Include="boolean.h">
      <Filter>Header Files</Filter>
    </ClInclude>
    <ClInclude Include="cake_book.h">
      <Filter>Header Files</Filter>
    </ClInclude>
    <ClInclude Include="app_instance.h">
      <Filter>Header Files</Filter>
    </ClInclude>
    <ClInclude Include="egdb.h">
      <Filter>Header Files</Filter>
    </ClInclude>
    <ClInclude Include="pattern.h">
      <Filter>Header Files</Filter>
    </ClInclude>
  </ItemGroup>
  <ItemGroup>
    <ClCompile Include="bookht.c">
      <Filter>Source Files</Filter>
    </ClCompile>
    <ClCompile Include="cake_misc.c">
      <Filter>Source Files</Filter>
    </ClCompile>
    <ClCompile Include="cakedll.c">
      <Filter>Source Files</Filter>
    </ClCompile>
    <ClCompile Include="cakepp.c">
      <Filter>Source Files</Filter>
    </ClCompile>
    <ClCompile Include="dblookup.c">
      <Filter>Source Files</Filter>
    </ClCompile>
    <ClCompile Include="initcake.c">
      <Filter>Source Files</Filter>
    </ClCompile>
    <ClCompile Include="move_gen.c">
      <Filter>Source Files</Filter>
    </ClCompile>
    <ClCompile Include="boolean.c">
      <Filter>Source Files</Filter>
    </ClCompile>
    <ClCompile Include="cake_book.c">
      <Filter>Source Files</Filter>
    </ClCompile>
    <ClCompile Include="cake_learn.c">
      <Filter>Source Files</Filter>
    </ClCompile>
    <ClCompile Include="cake_eval_parametrized.c">
      <Filter>Source Files</Filter>
    </ClCompile>
    <ClCompile Include="spa.c">
      <Filter>Source Files</Filter>
    </ClCompile>
    <ClCompile Include="app_instance.c">
      <Filter>Source Files</Filter>
    </ClCompile>
    <ClCompile Include="cake_eval_185.c">
      <Filter>Source Files</Filter>
    </ClCompile>
    <ClCompile Include="pattern.c">
      <Filter>Source Files</Filter>
    </ClCompile>
  </ItemGroup>
  <ItemGroup>
    <None Include="cakedll.def" />
    <None Include="versionhistory.txt" />
  </ItemGroup>
</Project>